
Microsoft Visual Studio Solution File, Format Version 12.00
# Visual Studio Version 16
VisualStudioVersion = 16.0.31321.278
MinimumVisualStudioVersion = 10.0.40219.1
Project("{FAE04EC0-301F-11D3-BF4B-00C04F79EFBC}") = "ApiCatalogo", "ApiCatalogo\ApiCatalogo.csproj", "{211B92C2-B413-4414-A171-97940ACE2EE3}"
EndProject
Global
	GlobalSection(SolutionConfigurationPlatforms) = preSolution
		Debug|Any CPU = Debug|Any CPU
		Release|Any CPU = Release|Any CPU
	EndGlobalSection
	GlobalSection(ProjectConfigurationPlatforms) = postSolution
		{211B92C2-B413-4414-A171-97940ACE2EE3}.Debug|Any CPU.ActiveCfg = Debug|Any CPU
		{211B92C2-B413-4414-A171-97940ACE2EE3}.Debug|Any CPU.Build.0 = Debug|Any CPU
		{211B92C2-B413-4414-A171-97940ACE2EE3}.Release|Any CPU.ActiveCfg = Release|Any CPU
		{211B92C2-B413-4414-A171-97940ACE2EE3}.Release|Any CPU.Build.0 = Release|Any CPU
	EndGlobalSection
	GlobalSection(SolutionProperties) = preSolution
		HideSolutionNode = FALSE
	EndGlobalSection
	GlobalSection(ExtensibilityGlobals) = postSolution
		SolutionGuid = {BB05A6B8-4B69-4D77-B0EA-481F60A80A9A}
	EndGlobalSection
EndGlobal
